
Microsoft Visual Studio Solution File, Format Version 12.00
# Visual Studio Version 17
VisualStudioVersion = 17.10.35122.118
MinimumVisualStudioVersion = 10.0.40219.1
Project("{9A19103F-16F7-4668-BE54-9A1E7A4F7556}") = "GestaoColaboradoresBackend", "GestaoColaboradoresBackend\GestaoColaboradoresBackend.csproj", "{FAA6375A-7A7B-4768-9B51-65D86DA2C1AD}"
EndProject
Project("{FAE04EC0-301F-11D3-BF4B-00C04F79EFBC}") = "GestaoColaboradoresBackend.Tests", "GestaoColaboradoresBackend.Tests\GestaoColaboradoresBackend.Tests.csproj", "{2872379A-8559-4C38-B26A-6665B96E9D69}"
EndProject
Global
	GlobalSection(SolutionConfigurationPlatforms) = preSolution
		Debug|Any CPU = Debug|Any CPU
		Release|Any CPU = Release|Any CPU
	EndGlobalSection
	GlobalSection(ProjectConfigurationPlatforms) = postSolution
		{FAA6375A-7A7B-4768-9B51-65D86DA2C1AD}.Debug|Any CPU.ActiveCfg = Debug|Any CPU
		{FAA6375A-7A7B-4768-9B51-65D86DA2C1AD}.Debug|Any CPU.Build.0 = Debug|Any CPU
		{FAA6375A-7A7B-4768-9B51-65D86DA2C1AD}.Release|Any CPU.ActiveCfg = Release|Any CPU
		{FAA6375A-7A7B-4768-9B51-65D86DA2C1AD}.Release|Any CPU.Build.0 = Release|Any CPU
		{2872379A-8559-4C38-B26A-6665B96E9D69}.Debug|Any CPU.ActiveCfg = Debug|Any CPU
		{2872379A-8559-4C38-B26A-6665B96E9D69}.Debug|Any CPU.Build.0 = Debug|Any CPU
		{2872379A-8559-4C38-B26A-6665B96E9D69}.Release|Any CPU.ActiveCfg = Release|Any CPU
		{2872379A-8559-4C38-B26A-6665B96E9D69}.Release|Any CPU.Build.0 = Release|Any CPU
	EndGlobalSection
	GlobalSection(SolutionProperties) = preSolution
		HideSolutionNode = FALSE
	EndGlobalSection
	GlobalSection(ExtensibilityGlobals) = postSolution
		SolutionGuid = {4C55F5DE-9681-46B7-967B-A5DF10CD8B34}
	EndGlobalSection
EndGlobal
